
Microsoft Visual Studio Solution File, Format Version 12.00
# Visual Studio 15
VisualStudioVersion = 15.0.27428.2037
MinimumVisualStudioVersion = 10.0.40219.1
Project("{FAE04EC0-301F-11D3-BF4B-00C04F79EFBC}") = "XML_Deserialization_Test", "XML_Deserialization_Test.csproj", "{9D546BE3-BB19-447C-95BC-EF967EC73EF2}"
EndProject
Global
	GlobalSection(SolutionConfigurationPlatforms) = preSolution
		Debug|Any CPU = Debug|Any CPU
		Release|Any CPU = Release|Any CPU
	EndGlobalSection
	GlobalSection(ProjectConfigurationPlatforms) = postSolution
		{9D546BE3-BB19-447C-95BC-EF967EC73EF2}.Debug|Any CPU.ActiveCfg = Debug|Any CPU
		{9D546BE3-BB19-447C-95BC-EF967EC73EF2}.Debug|Any CPU.Build.0 = Debug|Any CPU
		{9D546BE3-BB19-447C-95BC-EF967EC73EF2}.Release|Any CPU.ActiveCfg = Release|Any CPU
		{9D546BE3-BB19-447C-95BC-EF967EC73EF2}.Release|Any CPU.Build.0 = Release|Any CPU
	EndGlobalSection
	GlobalSection(SolutionProperties) = preSolution
		HideSolutionNode = FALSE
	EndGlobalSection
	GlobalSection(ExtensibilityGlobals) = postSolution
		SolutionGuid = {FFB22457-7801-4497-BC38-59C64A180A5F}
	EndGlobalSection
EndGlobal
