
Microsoft Visual Studio Solution File, Format Version 12.00
# Visual Studio 15
VisualStudioVersion = 15.0.27428.2037
MinimumVisualStudioVersion = 10.0.40219.1
Project("{2150E333-8FDC-42A3-9474-1A3956D46DE8}") = "Solution Items", "Solution Items", "{6852F156-39A8-4482-88E1-7241060B096A}"
	ProjectSection(SolutionItems) = preProject
		..\CinecanvasTest_Console\DCDMSubtitle-2010.xsd = ..\CinecanvasTest_Console\DCDMSubtitle-2010.xsd
	EndProjectSection
EndProject
Project("{FAE04EC0-301F-11D3-BF4B-00C04F79EFBC}") = "CinecanvasTest_Console", "..\CinecanvasTest_Console\CinecanvasTest_Console.csproj", "{D3EA0634-C2BD-47B5-B36C-B1AED720551E}"
EndProject
Global
	GlobalSection(SolutionConfigurationPlatforms) = preSolution
		Debug|Any CPU = Debug|Any CPU
		Release|Any CPU = Release|Any CPU
	EndGlobalSection
	GlobalSection(ProjectConfigurationPlatforms) = postSolution
		{D3EA0634-C2BD-47B5-B36C-B1AED720551E}.Debug|Any CPU.ActiveCfg = Debug|Any CPU
		{D3EA0634-C2BD-47B5-B36C-B1AED720551E}.Debug|Any CPU.Build.0 = Debug|Any CPU
		{D3EA0634-C2BD-47B5-B36C-B1AED720551E}.Release|Any CPU.ActiveCfg = Release|Any CPU
		{D3EA0634-C2BD-47B5-B36C-B1AED720551E}.Release|Any CPU.Build.0 = Release|Any CPU
	EndGlobalSection
	GlobalSection(SolutionProperties) = preSolution
		HideSolutionNode = FALSE
	EndGlobalSection
	GlobalSection(NestedProjects) = preSolution
		{D3EA0634-C2BD-47B5-B36C-B1AED720551E} = {6852F156-39A8-4482-88E1-7241060B096A}
	EndGlobalSection
	GlobalSection(ExtensibilityGlobals) = postSolution
		SolutionGuid = {0A442702-E283-4C01-9450-32896ABF3566}
	EndGlobalSection
EndGlobal
